# THIS IS AN AUTOGENERATED FILE. DO NOT EDIT THIS FILE DIRECTLY.
# yarn lockfile v1


dotenv@^8.4.0:
  version "8.4.0"
  resolved "https://registry.yarnpkg.com/dotenv/-/dotenv-8.4.0.tgz#08576a9d5dc63b4fc58df087015c768eb102e0f3"
  integrity sha512-l+pIWjvRva0AhnLerv9VvpscgXa72iPW1qKlCgA7COzJA414vGQ/PMcOuNfR1CmQbK208WWYeVwQUa8yfuqH8Q==

ws@^7.4.5:
  version "7.4.5"
  resolved "https://registry.yarnpkg.com/ws/-/ws-7.4.5.tgz#a484dd851e9beb6fdb420027e3885e8ce48986c1"
  integrity sha512-xzyu3hFvomRfXKH8vOFMU3OguG6oOvhXMo3xsGy3xWExqaM2dxBbVxuD99O7m3ZUFMvvscsZDqxfgMaRr/Nr1g==
